// !$*UTF8*$!
{
	archiveVersion = 1;
	classes = {
	};
	objectVersion = 50;
	objects = {

/* Begin PBXBuildFile section */
		6E48C2C425C46C2200A5B73B /* Circle.swift in Sources */ = {isa = PBXBuildFile; fileRef = 6E48C2C325C46C2200A5B73B /* Circle.swift */; };
		6E6CCA4425C2BF0500C463FA /* GameRoundViewController.swift in Sources */ = {isa = PBXBuildFile; fileRef = 6E6CCA4325C2BF0500C463FA /* GameRoundViewController.swift */; };
		6E6CCA4B25C2C8CC00C463FA /* GameRoundCollectionViewCell.swift in Sources */ = {isa = PBXBuildFile; fileRef = 6E6CCA4A25C2C8CC00C463FA /* GameRoundCollectionViewCell.swift */; };
		6E6CCA5425C3105500C463FA /* NumberOfRoundAndQuotaCollectionViewCell.swift in Sources */ = {isa = PBXBuildFile; fileRef = 6E6CCA5325C3105500C463FA /* NumberOfRoundAndQuotaCollectionViewCell.swift */; };
		6E6CCA5D25C34E2600C463FA /* DataController+DrawID.swift in Sources */ = {isa = PBXBuildFile; fileRef = 6E6CCA5C25C34E2600C463FA /* DataController+DrawID.swift */; };
		6E6CCA6025C45A0800C463FA /* Utils.swift in Sources */ = {isa = PBXBuildFile; fileRef = 6E6CCA5F25C45A0700C463FA /* Utils.swift */; };
		6E78184625C1988F006EC330 /* DrawRoundsTableViewCell.swift in Sources */ = {isa = PBXBuildFile; fileRef = 6E78184525C1988F006EC330 /* DrawRoundsTableViewCell.swift */; };
		6E78184B25C19AF2006EC330 /* DataController.swift in Sources */ = {isa = PBXBuildFile; fileRef = 6E78184A25C19AF2006EC330 /* DataController.swift */; };
		6E78185125C1AA7E006EC330 /* DataController+Upcoming.swift in Sources */ = {isa = PBXBuildFile; fileRef = 6E78185025C1AA7E006EC330 /* DataController+Upcoming.swift */; };
		6E78185425C1ACED006EC330 /* Draw.swift in Sources */ = {isa = PBXBuildFile; fileRef = 6E78185325C1ACED006EC330 /* Draw.swift */; };
		6E78185725C1AD9A006EC330 /* AddOn.swift in Sources */ = {isa = PBXBuildFile; fileRef = 6E78185625C1AD9A006EC330 /* AddOn.swift */; };
		6E78185A25C1AE61006EC330 /* PricePoint.swift in Sources */ = {isa = PBXBuildFile; fileRef = 6E78185925C1AE61006EC330 /* PricePoint.swift */; };
		6E78185D25C1B068006EC330 /* PrizeCategory.swift in Sources */ = {isa = PBXBuildFile; fileRef = 6E78185C25C1B068006EC330 /* PrizeCategory.swift */; };
		6E78186025C1B1AB006EC330 /* WagerStatistic.swift in Sources */ = {isa = PBXBuildFile; fileRef = 6E78185F25C1B1AB006EC330 /* WagerStatistic.swift */; };
		6EB41E9425C1820000C5730A /* AppDelegate.swift in Sources */ = {isa = PBXBuildFile; fileRef = 6EB41E9325C1820000C5730A /* AppDelegate.swift */; };
		6EB41E9625C1820000C5730A /* SceneDelegate.swift in Sources */ = {isa = PBXBuildFile; fileRef = 6EB41E9525C1820000C5730A /* SceneDelegate.swift */; };
		6EB41E9825C1820100C5730A /* DrawRoundsViewController.swift in Sources */ = {isa = PBXBuildFile; fileRef = 6EB41E9725C1820000C5730A /* DrawRoundsViewController.swift */; };
		6EB41E9B25C1820100C5730A /* Main.storyboard in Resources */ = {isa = PBXBuildFile; fileRef = 6EB41E9925C1820100C5730A /* Main.storyboard */; };
		6EB41E9D25C1820400C5730A /* Assets.xcassets in Resources */ = {isa = PBXBuildFile; fileRef = 6EB41E9C25C1820400C5730A /* Assets.xcassets */; };
		6EB41EA025C1820400C5730A /* LaunchScreen.storyboard in Resources */ = {isa = PBXBuildFile; fileRef = 6EB41E9E25C1820400C5730A /* LaunchScreen.storyboard */; };
/* End PBXBuildFile section */

/* Begin PBXFileReference section */
		6E48C2C325C46C2200A5B73B /* Circle.swift */ = {isa = PBXFileReference; lastKnownFileType = sourcecode.swift; path = Circle.swift; sourceTree = "<group>"; };
		6E6CCA4325C2BF0500C463FA /* GameRoundViewController.swift */ = {isa = PBXFileReference; lastKnownFileType = sourcecode.swift; path = GameRoundViewController.swift; sourceTree = "<group>"; };
		6E6CCA4A25C2C8CC00C463FA /* GameRoundCollectionViewCell.swift */ = {isa = PBXFileReference; lastKnownFileType = sourcecode.swift; path = GameRoundCollectionViewCell.swift; sourceTree = "<group>"; };
		6E6CCA5325C3105500C463FA /* NumberOfRoundAndQuotaCollectionViewCell.swift */ = {isa = PBXFileReference; lastKnownFileType = sourcecode.swift; path = NumberOfRoundAndQuotaCollectionViewCell.swift; sourceTree = "<group>"; };
		6E6CCA5C25C34E2600C463FA /* DataController+DrawID.swift */ = {isa = PBXFileReference; lastKnownFileType = sourcecode.swift; path = "DataController+DrawID.swift"; sourceTree = "<group>"; };
		6E6CCA5F25C45A0700C463FA /* Utils.swift */ = {isa = PBXFileReference; lastKnownFileType = sourcecode.swift; path = Utils.swift; sourceTree = "<group>"; };
		6E78184525C1988F006EC330 /* DrawRoundsTableViewCell.swift */ = {isa = PBXFileReference; lastKnownFileType = sourcecode.swift; path = DrawRoundsTableViewCell.swift; sourceTree = "<group>"; };
		6E78184A25C19AF2006EC330 /* DataController.swift */ = {isa = PBXFileReference; lastKnownFileType = sourcecode.swift; path = DataController.swift; sourceTree = "<group>"; };
		6E78185025C1AA7E006EC330 /* DataController+Upcoming.swift */ = {isa = PBXFileReference; lastKnownFileType = sourcecode.swift; path = "DataController+Upcoming.swift"; sourceTree = "<group>"; };
		6E78185325C1ACED006EC330 /* Draw.swift */ = {isa = PBXFileReference; lastKnownFileType = sourcecode.swift; path = Draw.swift; sourceTree = "<group>"; };
		6E78185625C1AD9A006EC330 /* AddOn.swift */ = {isa = PBXFileReference; lastKnownFileType = sourcecode.swift; path = AddOn.swift; sourceTree = "<group>"; };
		6E78185925C1AE61006EC330 /* PricePoint.swift */ = {isa = PBXFileReference; lastKnownFileType = sourcecode.swift; path = PricePoint.swift; sourceTree = "<group>"; };
		6E78185C25C1B068006EC330 /* PrizeCategory.swift */ = {isa = PBXFileReference; lastKnownFileType = sourcecode.swift; path = PrizeCategory.swift; sourceTree = "<group>"; };
		6E78185F25C1B1AB006EC330 /* WagerStatistic.swift */ = {isa = PBXFileReference; lastKnownFileType = sourcecode.swift; path = WagerStatistic.swift; sourceTree = "<group>"; };
		6EB41E9025C1820000C5730A /* GrckiKino.app */ = {isa = PBXFileReference; explicitFileType = wrapper.application; includeInIndex = 0; path = GrckiKino.app; sourceTree = BUILT_PRODUCTS_DIR; };
		6EB41E9325C1820000C5730A /* AppDelegate.swift */ = {isa = PBXFileReference; lastKnownFileType = sourcecode.swift; path = AppDelegate.swift; sourceTree = "<group>"; };
		6EB41E9525C1820000C5730A /* SceneDelegate.swift */ = {isa = PBXFileReference; lastKnownFileType = sourcecode.swift; path = SceneDelegate.swift; sourceTree = "<group>"; };
		6EB41E9725C1820000C5730A /* DrawRoundsViewController.swift */ = {isa = PBXFileReference; lastKnownFileType = sourcecode.swift; path = DrawRoundsViewController.swift; sourceTree = "<group>"; };
		6EB41E9A25C1820100C5730A /* Base */ = {isa = PBXFileReference; lastKnownFileType = file.storyboard; name = Base; path = Base.lproj/Main.storyboard; sourceTree = "<group>"; };
		6EB41E9C25C1820400C5730A /* Assets.xcassets */ = {isa = PBXFileReference; lastKnownFileType = folder.assetcatalog; path = Assets.xcassets; sourceTree = "<group>"; };
		6EB41E9F25C1820400C5730A /* Base */ = {isa = PBXFileReference; lastKnownFileType = file.storyboard; name = Base; path = Base.lproj/LaunchScreen.storyboard; sourceTree = "<group>"; };
		6EB41EA125C1820400C5730A /* Info.plist */ = {isa = PBXFileReference; lastKnownFileType = text.plist.xml; path = Info.plist; sourceTree = "<group>"; };
/* End PBXFileReference section */

/* Begin PBXFrameworksBuildPhase section */
		6EB41E8D25C1820000C5730A /* Frameworks */ = {
			isa = PBXFrameworksBuildPhase;
			buildActionMask = 2147483647;
			files = (
			);
			runOnlyForDeploymentPostprocessing = 0;
		};
/* End PBXFrameworksBuildPhase section */

/* Begin PBXGroup section */
		6E78184825C19A42006EC330 /* DataController */ = {
			isa = PBXGroup;
			children = (
				6E78184A25C19AF2006EC330 /* DataController.swift */,
				6E78185025C1AA7E006EC330 /* DataController+Upcoming.swift */,
				6E6CCA5C25C34E2600C463FA /* DataController+DrawID.swift */,
			);
			path = DataController;
			sourceTree = "<group>";
		};
		6EB41E8725C1820000C5730A = {
			isa = PBXGroup;
			children = (
				6EB41E9225C1820000C5730A /* GrckiKino */,
				6EB41E9125C1820000C5730A /* Products */,
			);
			sourceTree = "<group>";
		};
		6EB41E9125C1820000C5730A /* Products */ = {
			isa = PBXGroup;
			children = (
				6EB41E9025C1820000C5730A /* GrckiKino.app */,
			);
			name = Products;
			sourceTree = "<group>";
		};
		6EB41E9225C1820000C5730A /* GrckiKino */ = {
			isa = PBXGroup;
			children = (
				6E78184825C19A42006EC330 /* DataController */,
				6EB41EAB25C1823B00C5730A /* Controller */,
				6EB41EAA25C1822900C5730A /* View */,
				6EB41EA825C1821600C5730A /* Model */,
				6EB41E9325C1820000C5730A /* AppDelegate.swift */,
				6EB41E9525C1820000C5730A /* SceneDelegate.swift */,
				6EB41E9C25C1820400C5730A /* Assets.xcassets */,
				6EB41E9E25C1820400C5730A /* LaunchScreen.storyboard */,
				6EB41EA125C1820400C5730A /* Info.plist */,
				6E6CCA5F25C45A0700C463FA /* Utils.swift */,
			);
			path = GrckiKino;
			sourceTree = "<group>";
		};
		6EB41EA825C1821600C5730A /* Model */ = {
			isa = PBXGroup;
			children = (
				6E78185325C1ACED006EC330 /* Draw.swift */,
				6E78185625C1AD9A006EC330 /* AddOn.swift */,
				6E78185925C1AE61006EC330 /* PricePoint.swift */,
				6E78185C25C1B068006EC330 /* PrizeCategory.swift */,
				6E78185F25C1B1AB006EC330 /* WagerStatistic.swift */,
				6E48C2C325C46C2200A5B73B /* Circle.swift */,
			);
			path = Model;
			sourceTree = "<group>";
		};
		6EB41EAA25C1822900C5730A /* View */ = {
			isa = PBXGroup;
			children = (
				6EB41E9925C1820100C5730A /* Main.storyboard */,
				6E78184525C1988F006EC330 /* DrawRoundsTableViewCell.swift */,
				6E6CCA4A25C2C8CC00C463FA /* GameRoundCollectionViewCell.swift */,
				6E6CCA5325C3105500C463FA /* NumberOfRoundAndQuotaCollectionViewCell.swift */,
			);
			path = View;
			sourceTree = "<group>";
		};
		6EB41EAB25C1823B00C5730A /* Controller */ = {
			isa = PBXGroup;
			children = (
				6EB41E9725C1820000C5730A /* DrawRoundsViewController.swift */,
				6E6CCA4325C2BF0500C463FA /* GameRoundViewController.swift */,
			);
			path = Controller;
			sourceTree = "<group>";
		};
/* End PBXGroup section */

/* Begin PBXNativeTarget section */
		6EB41E8F25C1820000C5730A /* GrckiKino */ = {
			isa = PBXNativeTarget;
			buildConfigurationList = 6EB41EA425C1820400C5730A /* Build configuration list for PBXNativeTarget "GrckiKino" */;
			buildPhases = (
				6EB41E8C25C1820000C5730A /* Sources */,
				6EB41E8D25C1820000C5730A /* Frameworks */,
				6EB41E8E25C1820000C5730A /* Resources */,
			);
			buildRules = (
			);
			dependencies = (
			);
			name = GrckiKino;
			productName = GrckiKino;
			productReference = 6EB41E9025C1820000C5730A /* GrckiKino.app */;
			productType = "com.apple.product-type.application";
		};
/* End PBXNativeTarget section */

/* Begin PBXProject section */
		6EB41E8825C1820000C5730A /* Project object */ = {
			isa = PBXProject;
			attributes = {
				LastSwiftUpdateCheck = 1230;
				LastUpgradeCheck = 1230;
				TargetAttributes = {
					6EB41E8F25C1820000C5730A = {
						CreatedOnToolsVersion = 12.3;
					};
				};
			};
			buildConfigurationList = 6EB41E8B25C1820000C5730A /* Build configuration list for PBXProject "GrckiKino" */;
			compatibilityVersion = "Xcode 9.3";
			developmentRegion = en;
			hasScannedForEncodings = 0;
			knownRegions = (
				en,
				Base,
			);
			mainGroup = 6EB41E8725C1820000C5730A;
			productRefGroup = 6EB41E9125C1820000C5730A /* Products */;
			projectDirPath = "";
			projectRoot = "";
			targets = (
				6EB41E8F25C1820000C5730A /* GrckiKino */,
			);
		};
/* End PBXProject section */

/* Begin PBXResourcesBuildPhase section */
		6EB41E8E25C1820000C5730A /* Resources */ = {
			isa = PBXResourcesBuildPhase;
			buildActionMask = 2147483647;
			files = (
				6EB41EA025C1820400C5730A /* LaunchScreen.storyboard in Resources */,
				6EB41E9D25C1820400C5730A /* Assets.xcassets in Resources */,
				6EB41E9B25C1820100C5730A /* Main.storyboard in Resources */,
			);
			runOnlyForDeploymentPostprocessing = 0;
		};
/* End PBXResourcesBuildPhase section */

/* Begin PBXSourcesBuildPhase section */
		6EB41E8C25C1820000C5730A /* Sources */ = {
			isa = PBXSourcesBuildPhase;
			buildActionMask = 2147483647;
			files = (
				6E78185425C1ACED006EC330 /* Draw.swift in Sources */,
				6E78184B25C19AF2006EC330 /* DataController.swift in Sources */,
				6E6CCA4B25C2C8CC00C463FA /* GameRoundCollectionViewCell.swift in Sources */,
				6E6CCA4425C2BF0500C463FA /* GameRoundViewController.swift in Sources */,
				6E48C2C425C46C2200A5B73B /* Circle.swift in Sources */,
				6E78184625C1988F006EC330 /* DrawRoundsTableViewCell.swift in Sources */,
				6EB41E9825C1820100C5730A /* DrawRoundsViewController.swift in Sources */,
				6E6CCA5425C3105500C463FA /* NumberOfRoundAndQuotaCollectionViewCell.swift in Sources */,
				6E6CCA6025C45A0800C463FA /* Utils.swift in Sources */,
				6E78186025C1B1AB006EC330 /* WagerStatistic.swift in Sources */,
				6E78185D25C1B068006EC330 /* PrizeCategory.swift in Sources */,
				6E6CCA5D25C34E2600C463FA /* DataController+DrawID.swift in Sources */,
				6E78185725C1AD9A006EC330 /* AddOn.swift in Sources */,
				6EB41E9425C1820000C5730A /* AppDelegate.swift in Sources */,
				6EB41E9625C1820000C5730A /* SceneDelegate.swift in Sources */,
				6E78185A25C1AE61006EC330 /* PricePoint.swift in Sources */,
				6E78185125C1AA7E006EC330 /* DataController+Upcoming.swift in Sources */,
			);
			runOnlyForDeploymentPostprocessing = 0;
		};
/* End PBXSourcesBuildPhase section */

/* Begin PBXVariantGroup section */
		6EB41E9925C1820100C5730A /* Main.storyboard */ = {
			isa = PBXVariantGroup;
			children = (
				6EB41E9A25C1820100C5730A /* Base */,
			);
			name = Main.storyboard;
			sourceTree = "<group>";
		};
		6EB41E9E25C1820400C5730A /* LaunchScreen.storyboard */ = {
			isa = PBXVariantGroup;
			children = (
				6EB41E9F25C1820400C5730A /* Base */,
			);
			name = LaunchScreen.storyboard;
			sourceTree = "<group>";
		};
/* End PBXVariantGroup section */

/* Begin XCBuildConfiguration section */
		6EB41EA225C1820400C5730A /* Debug */ = {
			isa = XCBuildConfiguration;
			buildSettings = {
				ALWAYS_SEARCH_USER_PATHS = NO;
				CLANG_ANALYZER_NONNULL = YES;
				CLANG_ANALYZER_NUMBER_OBJECT_CONVERSION = YES_AGGRESSIVE;
				CLANG_CXX_LANGUAGE_STANDARD = "gnu++14";
				CLANG_CXX_LIBRARY = "libc++";
				CLANG_ENABLE_MODULES = YES;
				CLANG_ENABLE_OBJC_ARC = YES;
				CLANG_ENABLE_OBJC_WEAK = YES;
				CLANG_WARN_BLOCK_CAPTURE_AUTORELEASING = YES;
				CLANG_WARN_BOOL_CONVERSION = YES;
				CLANG_WARN_COMMA = YES;
				CLANG_WARN_CONSTANT_CONVERSION = YES;
				CLANG_WARN_DEPRECATED_OBJC_IMPLEMENTATIONS = YES;
				CLANG_WARN_DIRECT_OBJC_ISA_USAGE = YES_ERROR;
				CLANG_WARN_DOCUMENTATION_COMMENTS = YES;
				CLANG_WARN_EMPTY_BODY = YES;
				CLANG_WARN_ENUM_CONVERSION = YES;
				CLANG_WARN_INFINITE_RECURSION = YES;
				CLANG_WARN_INT_CONVERSION = YES;
				CLANG_WARN_NON_LITERAL_NULL_CONVERSION = YES;
				CLANG_WARN_OBJC_IMPLICIT_RETAIN_SELF = YES;
				CLANG_WARN_OBJC_LITERAL_CONVERSION = YES;
				CLANG_WARN_OBJC_ROOT_CLASS = YES_ERROR;
				CLANG_WARN_QUOTED_INCLUDE_IN_FRAMEWORK_HEADER = YES;
				CLANG_WARN_RANGE_LOOP_ANALYSIS = YES;
				CLANG_WARN_STRICT_PROTOTYPES = YES;
				CLANG_WARN_SUSPICIOUS_MOVE = YES;
				CLANG_WARN_UNGUARDED_AVAILABILITY = YES_AGGRESSIVE;
				CLANG_WARN_UNREACHABLE_CODE = YES;
				CLANG_WARN__DUPLICATE_METHOD_MATCH = YES;
				COPY_PHASE_STRIP = NO;
				DEBUG_INFORMATION_FORMAT = dwarf;
				ENABLE_STRICT_OBJC_MSGSEND = YES;
				ENABLE_TESTABILITY = YES;
				GCC_C_LANGUAGE_STANDARD = gnu11;
				GCC_DYNAMIC_NO_PIC = NO;
				GCC_NO_COMMON_BLOCKS = YES;
				GCC_OPTIMIZATION_LEVEL = 0;
				GCC_PREPROCESSOR_DEFINITIONS = (
					"DEBUG=1",
					"$(inherited)",
				);
				GCC_WARN_64_TO_32_BIT_CONVERSION = YES;
				GCC_WARN_ABOUT_RETURN_TYPE = YES_ERROR;
				GCC_WARN_UNDECLARED_SELECTOR = YES;
				GCC_WARN_UNINITIALIZED_AUTOS = YES_AGGRESSIVE;
				GCC_WARN_UNUSED_FUNCTION = YES;
				GCC_WARN_UNUSED_VARIABLE = YES;
				IPHONEOS_DEPLOYMENT_TARGET = 14.3;
				MTL_ENABLE_DEBUG_INFO = INCLUDE_SOURCE;
				MTL_FAST_MATH = YES;
				ONLY_ACTIVE_ARCH = YES;
				SDKROOT = iphoneos;
				SWIFT_ACTIVE_COMPILATION_CONDITIONS = DEBUG;
				SWIFT_OPTIMIZATION_LEVEL = "-Onone";
			};
			name = Debug;
		};
		6EB41EA325C1820400C5730A /* Release */ = {
			isa = XCBuildConfiguration;
			buildSettings = {
				ALWAYS_SEARCH_USER_PATHS = NO;
				CLANG_ANALYZER_NONNULL = YES;
				CLANG_ANALYZER_NUMBER_OBJECT_CONVERSION = YES_AGGRESSIVE;
				CLANG_CXX_LANGUAGE_STANDARD = "gnu++14";
				CLANG_CXX_LIBRARY = "libc++";
				CLANG_ENABLE_MODULES = YES;
				CLANG_ENABLE_OBJC_ARC = YES;
				CLANG_ENABLE_OBJC_WEAK = YES;
				CLANG_WARN_BLOCK_CAPTURE_AUTORELEASING = YES;
				CLANG_WARN_BOOL_CONVERSION = YES;
				CLANG_WARN_COMMA = YES;
				CLANG_WARN_CONSTANT_CONVERSION = YES;
				CLANG_WARN_DEPRECATED_OBJC_IMPLEMENTATIONS = YES;
				CLANG_WARN_DIRECT_OBJC_ISA_USAGE = YES_ERROR;
				CLANG_WARN_DOCUMENTATION_COMMENTS = YES;
				CLANG_WARN_EMPTY_BODY = YES;
				CLANG_WARN_ENUM_CONVERSION = YES;
				CLANG_WARN_INFINITE_RECURSION = YES;
				CLANG_WARN_INT_CONVERSION = YES;
				CLANG_WARN_NON_LITERAL_NULL_CONVERSION = YES;
				CLANG_WARN_OBJC_IMPLICIT_RETAIN_SELF = YES;
				CLANG_WARN_OBJC_LITERAL_CONVERSION = YES;
				CLANG_WARN_OBJC_ROOT_CLASS = YES_ERROR;
				CLANG_WARN_QUOTED_INCLUDE_IN_FRAMEWORK_HEADER = YES;
				CLANG_WARN_RANGE_LOOP_ANALYSIS = YES;
				CLANG_WARN_STRICT_PROTOTYPES = YES;
				CLANG_WARN_SUSPICIOUS_MOVE = YES;
				CLANG_WARN_UNGUARDED_AVAILABILITY = YES_AGGRESSIVE;
				CLANG_WARN_UNREACHABLE_CODE = YES;
				CLANG_WARN__DUPLICATE_METHOD_MATCH = YES;
				COPY_PHASE_STRIP = NO;
				DEBUG_INFORMATION_FORMAT = "dwarf-with-dsym";
				ENABLE_NS_ASSERTIONS = NO;
				ENABLE_STRICT_OBJC_MSGSEND = YES;
				GCC_C_LANGUAGE_STANDARD = gnu11;
				GCC_NO_COMMON_BLOCKS = YES;
				GCC_WARN_64_TO_32_BIT_CONVERSION = YES;
				GCC_WARN_ABOUT_RETURN_TYPE = YES_ERROR;
				GCC_WARN_UNDECLARED_SELECTOR = YES;
				GCC_WARN_UNINITIALIZED_AUTOS = YES_AGGRESSIVE;
				GCC_WARN_UNUSED_FUNCTION = YES;
				GCC_WARN_UNUSED_VARIABLE = YES;
				IPHONEOS_DEPLOYMENT_TARGET = 14.3;
				MTL_ENABLE_DEBUG_INFO = NO;
				MTL_FAST_MATH = YES;
				SDKROOT = iphoneos;
				SWIFT_COMPILATION_MODE = wholemodule;
				SWIFT_OPTIMIZATION_LEVEL = "-O";
				VALIDATE_PRODUCT = YES;
			};
			name = Release;
		};
		6EB41EA525C1820400C5730A /* Debug */ = {
			isa = XCBuildConfiguration;
			buildSettings = {
				ASSETCATALOG_COMPILER_APPICON_NAME = AppIcon;
				ASSETCATALOG_COMPILER_GLOBAL_ACCENT_COLOR_NAME = AccentColor;
				CODE_SIGN_STYLE = Automatic;
				INFOPLIST_FILE = GrckiKino/Info.plist;
				LD_RUNPATH_SEARCH_PATHS = (
					"$(inherited)",
					"@executable_path/Frameworks",
				);
				PRODUCT_BUNDLE_IDENTIFIER = com.kaca.rs.GrckiKino;
				PRODUCT_NAME = "$(TARGET_NAME)";
				SWIFT_VERSION = 5.0;
				TARGETED_DEVICE_FAMILY = "1,2";
			};
			name = Debug;
		};
		6EB41EA625C1820400C5730A /* Release */ = {
			isa = XCBuildConfiguration;
			buildSettings = {
				ASSETCATALOG_COMPILER_APPICON_NAME = AppIcon;
				ASSETCATALOG_COMPILER_GLOBAL_ACCENT_COLOR_NAME = AccentColor;
				CODE_SIGN_STYLE = Automatic;
				INFOPLIST_FILE = GrckiKino/Info.plist;
				LD_RUNPATH_SEARCH_PATHS = (
					"$(inherited)",
					"@executable_path/Frameworks",
				);
				PRODUCT_BUNDLE_IDENTIFIER = com.kaca.rs.GrckiKino;
				PRODUCT_NAME = "$(TARGET_NAME)";
				SWIFT_VERSION = 5.0;
				TARGETED_DEVICE_FAMILY = "1,2";
			};
			name = Release;
		};
/* End XCBuildConfiguration section */

/* Begin XCConfigurationList section */
		6EB41E8B25C1820000C5730A /* Build configuration list for PBXProject "GrckiKino" */ = {
			isa = XCConfigurationList;
			buildConfigurations = (
				6EB41EA225C1820400C5730A /* Debug */,
				6EB41EA325C1820400C5730A /* Release */,
			);
			defaultConfigurationIsVisible = 0;
			defaultConfigurationName = Release;
		};
		6EB41EA425C1820400C5730A /* Build configuration list for PBXNativeTarget "GrckiKino" */ = {
			isa = XCConfigurationList;
			buildConfigurations = (
				6EB41EA525C1820400C5730A /* Debug */,
				6EB41EA625C1820400C5730A /* Release */,
			);
			defaultConfigurationIsVisible = 0;
			defaultConfigurationName = Release;
		};
/* End XCConfigurationList section */
	};
	rootObject = 6EB41E8825C1820000C5730A /* Project object */;
}
